// !$*UTF8*$!
{
	archiveVersion = 1;
	classes = {
	};
	objectVersion = 56;
	objects = {

/* Begin PBXBuildFile section */
		3B19BAF028FA7A1500729415 /* AppDelegate.swift in Sources */ = {isa = PBXBuildFile; fileRef = 3B19BAEF28FA7A1500729415 /* AppDelegate.swift */; };
		3B19BAF228FA7A1500729415 /* SceneDelegate.swift in Sources */ = {isa = PBXBuildFile; fileRef = 3B19BAF128FA7A1500729415 /* SceneDelegate.swift */; };
		3B19BAF428FA7A1500729415 /* ViewController.swift in Sources */ = {isa = PBXBuildFile; fileRef = 3B19BAF328FA7A1500729415 /* ViewController.swift */; };
		3B19BAF928FA7A1500729415 /* Assets.xcassets in Resources */ = {isa = PBXBuildFile; fileRef = 3B19BAF828FA7A1500729415 /* Assets.xcassets */; };
		3B19BAFC28FA7A1500729415 /* LaunchScreen.storyboard in Resources */ = {isa = PBXBuildFile; fileRef = 3B19BAFA28FA7A1500729415 /* LaunchScreen.storyboard */; };
		3B19BB0528FA7A7500729415 /* SnapKit in Frameworks */ = {isa = PBXBuildFile; productRef = 3B19BB0428FA7A7500729415 /* SnapKit */; };
		3B19BB0828FA7AC200729415 /* Then in Frameworks */ = {isa = PBXBuildFile; productRef = 3B19BB0728FA7AC200729415 /* Then */; };
		3B19BB0B28FA7AE100729415 /* SwiftyColor in Frameworks */ = {isa = PBXBuildFile; productRef = 3B19BB0A28FA7AE100729415 /* SwiftyColor */; };
/* End PBXBuildFile section */

/* Begin PBXFileReference section */
		3B19BAEC28FA7A1500729415 /* 3rd_Seminar.app */ = {isa = PBXFileReference; explicitFileType = wrapper.application; includeInIndex = 0; path = 3rd_Seminar.app; sourceTree = BUILT_PRODUCTS_DIR; };
		3B19BAEF28FA7A1500729415 /* AppDelegate.swift */ = {isa = PBXFileReference; lastKnownFileType = sourcecode.swift; path = AppDelegate.swift; sourceTree = "<group>"; };
		3B19BAF128FA7A1500729415 /* SceneDelegate.swift */ = {isa = PBXFileReference; lastKnownFileType = sourcecode.swift; path = SceneDelegate.swift; sourceTree = "<group>"; };
		3B19BAF328FA7A1500729415 /* ViewController.swift */ = {isa = PBXFileReference; lastKnownFileType = sourcecode.swift; path = ViewController.swift; sourceTree = "<group>"; };
		3B19BAF828FA7A1500729415 /* Assets.xcassets */ = {isa = PBXFileReference; lastKnownFileType = folder.assetcatalog; path = Assets.xcassets; sourceTree = "<group>"; };
		3B19BAFB28FA7A1500729415 /* Base */ = {isa = PBXFileReference; lastKnownFileType = file.storyboard; name = Base; path = Base.lproj/LaunchScreen.storyboard; sourceTree = "<group>"; };
		3B19BAFD28FA7A1500729415 /* Info.plist */ = {isa = PBXFileReference; lastKnownFileType = text.plist.xml; path = Info.plist; sourceTree = "<group>"; };
/* End PBXFileReference section */

/* Begin PBXFrameworksBuildPhase section */
		3B19BAE928FA7A1500729415 /* Frameworks */ = {
			isa = PBXFrameworksBuildPhase;
			buildActionMask = 2147483647;
			files = (
				3B19BB0528FA7A7500729415 /* SnapKit in Frameworks */,
				3B19BB0B28FA7AE100729415 /* SwiftyColor in Frameworks */,
				3B19BB0828FA7AC200729415 /* Then in Frameworks */,
			);
			runOnlyForDeploymentPostprocessing = 0;
		};
/* End PBXFrameworksBuildPhase section */

/* Begin PBXGroup section */
		3B19BAE328FA7A1500729415 = {
			isa = PBXGroup;
			children = (
				3B19BAEE28FA7A1500729415 /* 3rd_Seminar */,
				3B19BAED28FA7A1500729415 /* Products */,
			);
			sourceTree = "<group>";
		};
		3B19BAED28FA7A1500729415 /* Products */ = {
			isa = PBXGroup;
			children = (
				3B19BAEC28FA7A1500729415 /* 3rd_Seminar.app */,
			);
			name = Products;
			sourceTree = "<group>";
		};
		3B19BAEE28FA7A1500729415 /* 3rd_Seminar */ = {
			isa = PBXGroup;
			children = (
				3B19BAEF28FA7A1500729415 /* AppDelegate.swift */,
				3B19BAF128FA7A1500729415 /* SceneDelegate.swift */,
				3B19BAF328FA7A1500729415 /* ViewController.swift */,
				3B19BAF828FA7A1500729415 /* Assets.xcassets */,
				3B19BAFA28FA7A1500729415 /* LaunchScreen.storyboard */,
				3B19BAFD28FA7A1500729415 /* Info.plist */,
			);
			path = 3rd_Seminar;
			sourceTree = "<group>";
		};
/* End PBXGroup section */

/* Begin PBXNativeTarget section */
		3B19BAEB28FA7A1500729415 /* 3rd_Seminar */ = {
			isa = PBXNativeTarget;
			buildConfigurationList = 3B19BB0028FA7A1500729415 /* Build configuration list for PBXNativeTarget "3rd_Seminar" */;
			buildPhases = (
				3B19BAE828FA7A1500729415 /* Sources */,
				3B19BAE928FA7A1500729415 /* Frameworks */,
				3B19BAEA28FA7A1500729415 /* Resources */,
			);
			buildRules = (
			);
			dependencies = (
			);
			name = 3rd_Seminar;
			packageProductDependencies = (
				3B19BB0428FA7A7500729415 /* SnapKit */,
				3B19BB0728FA7AC200729415 /* Then */,
				3B19BB0A28FA7AE100729415 /* SwiftyColor */,
			);
			productName = 3rd_Seminar;
			productReference = 3B19BAEC28FA7A1500729415 /* 3rd_Seminar.app */;
			productType = "com.apple.product-type.application";
		};
/* End PBXNativeTarget section */

/* Begin PBXProject section */
		3B19BAE428FA7A1500729415 /* Project object */ = {
			isa = PBXProject;
			attributes = {
				BuildIndependentTargetsInParallel = 1;
				LastSwiftUpdateCheck = 1400;
				LastUpgradeCheck = 1400;
				TargetAttributes = {
					3B19BAEB28FA7A1500729415 = {
						CreatedOnToolsVersion = 14.0.1;
					};
				};
			};
			buildConfigurationList = 3B19BAE728FA7A1500729415 /* Build configuration list for PBXProject "3rd_Seminar" */;
			compatibilityVersion = "Xcode 14.0";
			developmentRegion = en;
			hasScannedForEncodings = 0;
			knownRegions = (
				en,
				Base,
			);
			mainGroup = 3B19BAE328FA7A1500729415;
			packageReferences = (
				3B19BB0328FA7A7500729415 /* XCRemoteSwiftPackageReference "SnapKit" */,
				3B19BB0628FA7AC200729415 /* XCRemoteSwiftPackageReference "Then" */,
				3B19BB0928FA7AE100729415 /* XCRemoteSwiftPackageReference "SwiftyColor" */,
			);
			productRefGroup = 3B19BAED28FA7A1500729415 /* Products */;
			projectDirPath = "";
			projectRoot = "";
			targets = (
				3B19BAEB28FA7A1500729415 /* 3rd_Seminar */,
			);
		};
/* End PBXProject section */

/* Begin PBXResourcesBuildPhase section */
		3B19BAEA28FA7A1500729415 /* Resources */ = {
			isa = PBXResourcesBuildPhase;
			buildActionMask = 2147483647;
			files = (
				3B19BAFC28FA7A1500729415 /* LaunchScreen.storyboard in Resources */,
				3B19BAF928FA7A1500729415 /* Assets.xcassets in Resources */,
			);
			runOnlyForDeploymentPostprocessing = 0;
		};
/* End PBXResourcesBuildPhase section */

/* Begin PBXSourcesBuildPhase section */
		3B19BAE828FA7A1500729415 /* Sources */ = {
			isa = PBXSourcesBuildPhase;
			buildActionMask = 2147483647;
			files = (
				3B19BAF428FA7A1500729415 /* ViewController.swift in Sources */,
				3B19BAF028FA7A1500729415 /* AppDelegate.swift in Sources */,
				3B19BAF228FA7A1500729415 /* SceneDelegate.swift in Sources */,
			);
			runOnlyForDeploymentPostprocessing = 0;
		};
/* End PBXSourcesBuildPhase section */

/* Begin PBXVariantGroup section */
		3B19BAFA28FA7A1500729415 /* LaunchScreen.storyboard */ = {
			isa = PBXVariantGroup;
			children = (
				3B19BAFB28FA7A1500729415 /* Base */,
			);
			name = LaunchScreen.storyboard;
			sourceTree = "<group>";
		};
/* End PBXVariantGroup section */

/* Begin XCBuildConfiguration section */
		3B19BAFE28FA7A1500729415 /* Debug */ = {
			isa = XCBuildConfiguration;
			buildSettings = {
				ALWAYS_SEARCH_USER_PATHS = NO;
				CLANG_ANALYZER_NONNULL = YES;
				CLANG_ANALYZER_NUMBER_OBJECT_CONVERSION = YES_AGGRESSIVE;
				CLANG_CXX_LANGUAGE_STANDARD = "gnu++20";
				CLANG_ENABLE_MODULES = YES;
				CLANG_ENABLE_OBJC_ARC = YES;
				CLANG_ENABLE_OBJC_WEAK = YES;
				CLANG_WARN_BLOCK_CAPTURE_AUTORELEASING = YES;
				CLANG_WARN_BOOL_CONVERSION = YES;
				CLANG_WARN_COMMA = YES;
				CLANG_WARN_CONSTANT_CONVERSION = YES;
				CLANG_WARN_DEPRECATED_OBJC_IMPLEMENTATIONS = YES;
				CLANG_WARN_DIRECT_OBJC_ISA_USAGE = YES_ERROR;
				CLANG_WARN_DOCUMENTATION_COMMENTS = YES;
				CLANG_WARN_EMPTY_BODY = YES;
				CLANG_WARN_ENUM_CONVERSION = YES;
				CLANG_WARN_INFINITE_RECURSION = YES;
				CLANG_WARN_INT_CONVERSION = YES;
				CLANG_WARN_NON_LITERAL_NULL_CONVERSION = YES;
				CLANG_WARN_OBJC_IMPLICIT_RETAIN_SELF = YES;
				CLANG_WARN_OBJC_LITERAL_CONVERSION = YES;
				CLANG_WARN_OBJC_ROOT_CLASS = YES_ERROR;
				CLANG_WARN_QUOTED_INCLUDE_IN_FRAMEWORK_HEADER = YES;
				CLANG_WARN_RANGE_LOOP_ANALYSIS = YES;
				CLANG_WARN_STRICT_PROTOTYPES = YES;
				CLANG_WARN_SUSPICIOUS_MOVE = YES;
				CLANG_WARN_UNGUARDED_AVAILABILITY = YES_AGGRESSIVE;
				CLANG_WARN_UNREACHABLE_CODE = YES;
				CLANG_WARN__DUPLICATE_METHOD_MATCH = YES;
				COPY_PHASE_STRIP = NO;
				DEBUG_INFORMATION_FORMAT = dwarf;
				ENABLE_STRICT_OBJC_MSGSEND = YES;
				ENABLE_TESTABILITY = YES;
				GCC_C_LANGUAGE_STANDARD = gnu11;
				GCC_DYNAMIC_NO_PIC = NO;
				GCC_NO_COMMON_BLOCKS = YES;
				GCC_OPTIMIZATION_LEVEL = 0;
				GCC_PREPROCESSOR_DEFINITIONS = (
					"DEBUG=1",
					"$(inherited)",
				);
				GCC_WARN_64_TO_32_BIT_CONVERSION = YES;
				GCC_WARN_ABOUT_RETURN_TYPE = YES_ERROR;
				GCC_WARN_UNDECLARED_SELECTOR = YES;
				GCC_WARN_UNINITIALIZED_AUTOS = YES_AGGRESSIVE;
				GCC_WARN_UNUSED_FUNCTION = YES;
				GCC_WARN_UNUSED_VARIABLE = YES;
				IPHONEOS_DEPLOYMENT_TARGET = 16.0;
				MTL_ENABLE_DEBUG_INFO = INCLUDE_SOURCE;
				MTL_FAST_MATH = YES;
				ONLY_ACTIVE_ARCH = YES;
				SDKROOT = iphoneos;
				SWIFT_ACTIVE_COMPILATION_CONDITIONS = DEBUG;
				SWIFT_OPTIMIZATION_LEVEL = "-Onone";
			};
			name = Debug;
		};
		3B19BAFF28FA7A1500729415 /* Release */ = {
			isa = XCBuildConfiguration;
			buildSettings = {
				ALWAYS_SEARCH_USER_PATHS = NO;
				CLANG_ANALYZER_NONNULL = YES;
				CLANG_ANALYZER_NUMBER_OBJECT_CONVERSION = YES_AGGRESSIVE;
				CLANG_CXX_LANGUAGE_STANDARD = "gnu++20";
				CLANG_ENABLE_MODULES = YES;
				CLANG_ENABLE_OBJC_ARC = YES;
				CLANG_ENABLE_OBJC_WEAK = YES;
				CLANG_WARN_BLOCK_CAPTURE_AUTORELEASING = YES;
				CLANG_WARN_BOOL_CONVERSION = YES;
				CLANG_WARN_COMMA = YES;
				CLANG_WARN_CONSTANT_CONVERSION = YES;
				CLANG_WARN_DEPRECATED_OBJC_IMPLEMENTATIONS = YES;
				CLANG_WARN_DIRECT_OBJC_ISA_USAGE = YES_ERROR;
				CLANG_WARN_DOCUMENTATION_COMMENTS = YES;
				CLANG_WARN_EMPTY_BODY = YES;
				CLANG_WARN_ENUM_CONVERSION = YES;
				CLANG_WARN_INFINITE_RECURSION = YES;
				CLANG_WARN_INT_CONVERSION = YES;
				CLANG_WARN_NON_LITERAL_NULL_CONVERSION = YES;
				CLANG_WARN_OBJC_IMPLICIT_RETAIN_SELF = YES;
				CLANG_WARN_OBJC_LITERAL_CONVERSION = YES;
				CLANG_WARN_OBJC_ROOT_CLASS = YES_ERROR;
				CLANG_WARN_QUOTED_INCLUDE_IN_FRAMEWORK_HEADER = YES;
				CLANG_WARN_RANGE_LOOP_ANALYSIS = YES;
				CLANG_WARN_STRICT_PROTOTYPES = YES;
				CLANG_WARN_SUSPICIOUS_MOVE = YES;
				CLANG_WARN_UNGUARDED_AVAILABILITY = YES_AGGRESSIVE;
				CLANG_WARN_UNREACHABLE_CODE = YES;
				CLANG_WARN__DUPLICATE_METHOD_MATCH = YES;
				COPY_PHASE_STRIP = NO;
				DEBUG_INFORMATION_FORMAT = "dwarf-with-dsym";
				ENABLE_NS_ASSERTIONS = NO;
				ENABLE_STRICT_OBJC_MSGSEND = YES;
				GCC_C_LANGUAGE_STANDARD = gnu11;
				GCC_NO_COMMON_BLOCKS = YES;
				GCC_WARN_64_TO_32_BIT_CONVERSION = YES;
				GCC_WARN_ABOUT_RETURN_TYPE = YES_ERROR;
				GCC_WARN_UNDECLARED_SELECTOR = YES;
				GCC_WARN_UNINITIALIZED_AUTOS = YES_AGGRESSIVE;
				GCC_WARN_UNUSED_FUNCTION = YES;
				GCC_WARN_UNUSED_VARIABLE = YES;
				IPHONEOS_DEPLOYMENT_TARGET = 16.0;
				MTL_ENABLE_DEBUG_INFO = NO;
				MTL_FAST_MATH = YES;
				SDKROOT = iphoneos;
				SWIFT_COMPILATION_MODE = wholemodule;
				SWIFT_OPTIMIZATION_LEVEL = "-O";
				VALIDATE_PRODUCT = YES;
			};
			name = Release;
		};
		3B19BB0128FA7A1500729415 /* Debug */ = {
			isa = XCBuildConfiguration;
			buildSettings = {
				ASSETCATALOG_COMPILER_APPICON_NAME = AppIcon;
				ASSETCATALOG_COMPILER_GLOBAL_ACCENT_COLOR_NAME = AccentColor;
				CODE_SIGN_STYLE = Automatic;
				CURRENT_PROJECT_VERSION = 1;
				DEVELOPMENT_TEAM = 665TA4D5B9;
				GENERATE_INFOPLIST_FILE = YES;
				INFOPLIST_FILE = 3rd_Seminar/Info.plist;
				INFOPLIST_KEY_UIApplicationSupportsIndirectInputEvents = YES;
				INFOPLIST_KEY_UILaunchStoryboardName = LaunchScreen;
				INFOPLIST_KEY_UISupportedInterfaceOrientations_iPad = "UIInterfaceOrientationPortrait UIInterfaceOrientationPortraitUpsideDown UIInterfaceOrientationLandscapeLeft UIInterfaceOrientationLandscapeRight";
				INFOPLIST_KEY_UISupportedInterfaceOrientations_iPhone = "UIInterfaceOrientationPortrait UIInterfaceOrientationLandscapeLeft UIInterfaceOrientationLandscapeRight";
				LD_RUNPATH_SEARCH_PATHS = (
					"$(inherited)",
					"@executable_path/Frameworks",
				);
				MARKETING_VERSION = 1.0;
				PRODUCT_BUNDLE_IDENTIFIER = "sopt.org.-rd-Seminar";
				PRODUCT_NAME = "$(TARGET_NAME)";
				SWIFT_EMIT_LOC_STRINGS = YES;
				SWIFT_VERSION = 5.0;
				TARGETED_DEVICE_FAMILY = "1,2";
			};
			name = Debug;
		};
		3B19BB0228FA7A1500729415 /* Release */ = {
			isa = XCBuildConfiguration;
			buildSettings = {
				ASSETCATALOG_COMPILER_APPICON_NAME = AppIcon;
				ASSETCATALOG_COMPILER_GLOBAL_ACCENT_COLOR_NAME = AccentColor;
				CODE_SIGN_STYLE = Automatic;
				CURRENT_PROJECT_VERSION = 1;
				DEVELOPMENT_TEAM = 665TA4D5B9;
				GENERATE_INFOPLIST_FILE = YES;
				INFOPLIST_FILE = 3rd_Seminar/Info.plist;
				INFOPLIST_KEY_UIApplicationSupportsIndirectInputEvents = YES;
				INFOPLIST_KEY_UILaunchStoryboardName = LaunchScreen;
				INFOPLIST_KEY_UISupportedInterfaceOrientations_iPad = "UIInterfaceOrientationPortrait UIInterfaceOrientationPortraitUpsideDown UIInterfaceOrientationLandscapeLeft UIInterfaceOrientationLandscapeRight";
				INFOPLIST_KEY_UISupportedInterfaceOrientations_iPhone = "UIInterfaceOrientationPortrait UIInterfaceOrientationLandscapeLeft UIInterfaceOrientationLandscapeRight";
				LD_RUNPATH_SEARCH_PATHS = (
					"$(inherited)",
					"@executable_path/Frameworks",
				);
				MARKETING_VERSION = 1.0;
				PRODUCT_BUNDLE_IDENTIFIER = "sopt.org.-rd-Seminar";
				PRODUCT_NAME = "$(TARGET_NAME)";
				SWIFT_EMIT_LOC_STRINGS = YES;
				SWIFT_VERSION = 5.0;
				TARGETED_DEVICE_FAMILY = "1,2";
			};
			name = Release;
		};
/* End XCBuildConfiguration section */

/* Begin XCConfigurationList section */
		3B19BAE728FA7A1500729415 /* Build configuration list for PBXProject "3rd_Seminar" */ = {
			isa = XCConfigurationList;
			buildConfigurations = (
				3B19BAFE28FA7A1500729415 /* Debug */,
				3B19BAFF28FA7A1500729415 /* Release */,
			);
			defaultConfigurationIsVisible = 0;
			defaultConfigurationName = Release;
		};
		3B19BB0028FA7A1500729415 /* Build configuration list for PBXNativeTarget "3rd_Seminar" */ = {
			isa = XCConfigurationList;
			buildConfigurations = (
				3B19BB0128FA7A1500729415 /* Debug */,
				3B19BB0228FA7A1500729415 /* Release */,
			);
			defaultConfigurationIsVisible = 0;
			defaultConfigurationName = Release;
		};
/* End XCConfigurationList section */

/* Begin XCRemoteSwiftPackageReference section */
		3B19BB0328FA7A7500729415 /* XCRemoteSwiftPackageReference "SnapKit" */ = {
			isa = XCRemoteSwiftPackageReference;
			repositoryURL = "https://github.com/SnapKit/SnapKit";
			requirement = {
				branch = develop;
				kind = branch;
			};
		};
		3B19BB0628FA7AC200729415 /* XCRemoteSwiftPackageReference "Then" */ = {
			isa = XCRemoteSwiftPackageReference;
			repositoryURL = "https://github.com/devxoul/Then";
			requirement = {
				kind = upToNextMajorVersion;
				minimumVersion = 3.0.0;
			};
		};
		3B19BB0928FA7AE100729415 /* XCRemoteSwiftPackageReference "SwiftyColor" */ = {
			isa = XCRemoteSwiftPackageReference;
			repositoryURL = "https://github.com/devxoul/SwiftyColor";
			requirement = {
				kind = upToNextMajorVersion;
				minimumVersion = 1.0.0;
			};
		};
/* End XCRemoteSwiftPackageReference section */

/* Begin XCSwiftPackageProductDependency section */
		3B19BB0428FA7A7500729415 /* SnapKit */ = {
			isa = XCSwiftPackageProductDependency;
			package = 3B19BB0328FA7A7500729415 /* XCRemoteSwiftPackageReference "SnapKit" */;
			productName = SnapKit;
		};
		3B19BB0728FA7AC200729415 /* Then */ = {
			isa = XCSwiftPackageProductDependency;
			package = 3B19BB0628FA7AC200729415 /* XCRemoteSwiftPackageReference "Then" */;
			productName = Then;
		};
		3B19BB0A28FA7AE100729415 /* SwiftyColor */ = {
			isa = XCSwiftPackageProductDependency;
			package = 3B19BB0928FA7AE100729415 /* XCRemoteSwiftPackageReference "SwiftyColor" */;
			productName = SwiftyColor;
		};
/* End XCSwiftPackageProductDependency section */
	};
	rootObject = 3B19BAE428FA7A1500729415 /* Project object */;
}
