// !$*UTF8*$!
{
	archiveVersion = 1;
	classes = {
	};
	objectVersion = 56;
	objects = {

/* Begin PBXBuildFile section */
		3B152A8C28E80C940002F10E /* AppDelegate.swift in Sources */ = {isa = PBXBuildFile; fileRef = 3B152A8B28E80C940002F10E /* AppDelegate.swift */; };
		3B152A8E28E80C940002F10E /* SceneDelegate.swift in Sources */ = {isa = PBXBuildFile; fileRef = 3B152A8D28E80C940002F10E /* SceneDelegate.swift */; };
		3B152A9028E80C940002F10E /* ViewController.swift in Sources */ = {isa = PBXBuildFile; fileRef = 3B152A8F28E80C940002F10E /* ViewController.swift */; };
		3B152A9328E80C940002F10E /* Main.storyboard in Resources */ = {isa = PBXBuildFile; fileRef = 3B152A9128E80C940002F10E /* Main.storyboard */; };
		3B152A9528E80C950002F10E /* Assets.xcassets in Resources */ = {isa = PBXBuildFile; fileRef = 3B152A9428E80C950002F10E /* Assets.xcassets */; };
		3B152A9828E80C950002F10E /* LaunchScreen.storyboard in Resources */ = {isa = PBXBuildFile; fileRef = 3B152A9628E80C950002F10E /* LaunchScreen.storyboard */; };
		3B94D6C428E8164700F14094 /* FirstVC.swift in Sources */ = {isa = PBXBuildFile; fileRef = 3B94D6C328E8164700F14094 /* FirstVC.swift */; };
		3B94D6C728E8170D00F14094 /* UIView+.swift in Sources */ = {isa = PBXBuildFile; fileRef = 3B94D6C628E8170D00F14094 /* UIView+.swift */; };
		3B94D6C928E819F200F14094 /* SecondVC.swift in Sources */ = {isa = PBXBuildFile; fileRef = 3B94D6C828E819F200F14094 /* SecondVC.swift */; };
		FC1C1B969A1DF8F963B3557B /* Pods_1st_Seminar.framework in Frameworks */ = {isa = PBXBuildFile; fileRef = BEDA0C23DFEB728984F5E67D /* Pods_1st_Seminar.framework */; };
/* End PBXBuildFile section */

/* Begin PBXFileReference section */
		3B152A8828E80C940002F10E /* 1st_Seminar.app */ = {isa = PBXFileReference; explicitFileType = wrapper.application; includeInIndex = 0; path = 1st_Seminar.app; sourceTree = BUILT_PRODUCTS_DIR; };
		3B152A8B28E80C940002F10E /* AppDelegate.swift */ = {isa = PBXFileReference; lastKnownFileType = sourcecode.swift; path = AppDelegate.swift; sourceTree = "<group>"; };
		3B152A8D28E80C940002F10E /* SceneDelegate.swift */ = {isa = PBXFileReference; lastKnownFileType = sourcecode.swift; path = SceneDelegate.swift; sourceTree = "<group>"; };
		3B152A8F28E80C940002F10E /* ViewController.swift */ = {isa = PBXFileReference; lastKnownFileType = sourcecode.swift; path = ViewController.swift; sourceTree = "<group>"; };
		3B152A9228E80C940002F10E /* Base */ = {isa = PBXFileReference; lastKnownFileType = file.storyboard; name = Base; path = Base.lproj/Main.storyboard; sourceTree = "<group>"; };
		3B152A9428E80C950002F10E /* Assets.xcassets */ = {isa = PBXFileReference; lastKnownFileType = folder.assetcatalog; path = Assets.xcassets; sourceTree = "<group>"; };
		3B152A9728E80C950002F10E /* Base */ = {isa = PBXFileReference; lastKnownFileType = file.storyboard; name = Base; path = Base.lproj/LaunchScreen.storyboard; sourceTree = "<group>"; };
		3B152A9928E80C950002F10E /* Info.plist */ = {isa = PBXFileReference; lastKnownFileType = text.plist.xml; path = Info.plist; sourceTree = "<group>"; };
		3B94D6C328E8164700F14094 /* FirstVC.swift */ = {isa = PBXFileReference; lastKnownFileType = sourcecode.swift; path = FirstVC.swift; sourceTree = "<group>"; };
		3B94D6C628E8170D00F14094 /* UIView+.swift */ = {isa = PBXFileReference; lastKnownFileType = sourcecode.swift; path = "UIView+.swift"; sourceTree = "<group>"; };
		3B94D6C828E819F200F14094 /* SecondVC.swift */ = {isa = PBXFileReference; lastKnownFileType = sourcecode.swift; path = SecondVC.swift; sourceTree = "<group>"; };
		9714F08FFBF2D42DFE49EF5F /* Pods-1st_Seminar.release.xcconfig */ = {isa = PBXFileReference; includeInIndex = 1; lastKnownFileType = text.xcconfig; name = "Pods-1st_Seminar.release.xcconfig"; path = "Target Support Files/Pods-1st_Seminar/Pods-1st_Seminar.release.xcconfig"; sourceTree = "<group>"; };
		BEDA0C23DFEB728984F5E67D /* Pods_1st_Seminar.framework */ = {isa = PBXFileReference; explicitFileType = wrapper.framework; includeInIndex = 0; path = Pods_1st_Seminar.framework; sourceTree = BUILT_PRODUCTS_DIR; };
		F41916DF5293921271028774 /* Pods-1st_Seminar.debug.xcconfig */ = {isa = PBXFileReference; includeInIndex = 1; lastKnownFileType = text.xcconfig; name = "Pods-1st_Seminar.debug.xcconfig"; path = "Target Support Files/Pods-1st_Seminar/Pods-1st_Seminar.debug.xcconfig"; sourceTree = "<group>"; };
/* End PBXFileReference section */

/* Begin PBXFrameworksBuildPhase section */
		3B152A8528E80C940002F10E /* Frameworks */ = {
			isa = PBXFrameworksBuildPhase;
			buildActionMask = 2147483647;
			files = (
				FC1C1B969A1DF8F963B3557B /* Pods_1st_Seminar.framework in Frameworks */,
			);
			runOnlyForDeploymentPostprocessing = 0;
		};
/* End PBXFrameworksBuildPhase section */

/* Begin PBXGroup section */
		065CF83516B0C8B3997159DB /* Pods */ = {
			isa = PBXGroup;
			children = (
				F41916DF5293921271028774 /* Pods-1st_Seminar.debug.xcconfig */,
				9714F08FFBF2D42DFE49EF5F /* Pods-1st_Seminar.release.xcconfig */,
			);
			path = Pods;
			sourceTree = "<group>";
		};
		3B152A7F28E80C940002F10E = {
			isa = PBXGroup;
			children = (
				3B152A8A28E80C940002F10E /* 1st_Seminar */,
				3B152A8928E80C940002F10E /* Products */,
				065CF83516B0C8B3997159DB /* Pods */,
				BB511467B6FEEA52AE555D54 /* Frameworks */,
			);
			sourceTree = "<group>";
		};
		3B152A8928E80C940002F10E /* Products */ = {
			isa = PBXGroup;
			children = (
				3B152A8828E80C940002F10E /* 1st_Seminar.app */,
			);
			name = Products;
			sourceTree = "<group>";
		};
		3B152A8A28E80C940002F10E /* 1st_Seminar */ = {
			isa = PBXGroup;
			children = (
				3B94D6C528E816EE00F14094 /* Extensions */,
				3B152A8B28E80C940002F10E /* AppDelegate.swift */,
				3B152A8D28E80C940002F10E /* SceneDelegate.swift */,
				3B94D6C328E8164700F14094 /* FirstVC.swift */,
				3B94D6C828E819F200F14094 /* SecondVC.swift */,
				3B152A8F28E80C940002F10E /* ViewController.swift */,
				3B152A9128E80C940002F10E /* Main.storyboard */,
				3B152A9428E80C950002F10E /* Assets.xcassets */,
				3B152A9628E80C950002F10E /* LaunchScreen.storyboard */,
				3B152A9928E80C950002F10E /* Info.plist */,
			);
			path = 1st_Seminar;
			sourceTree = "<group>";
		};
		3B94D6C528E816EE00F14094 /* Extensions */ = {
			isa = PBXGroup;
			children = (
				3B94D6C628E8170D00F14094 /* UIView+.swift */,
			);
			path = Extensions;
			sourceTree = "<group>";
		};
		BB511467B6FEEA52AE555D54 /* Frameworks */ = {
			isa = PBXGroup;
			children = (
				BEDA0C23DFEB728984F5E67D /* Pods_1st_Seminar.framework */,
			);
			name = Frameworks;
			sourceTree = "<group>";
		};
/* End PBXGroup section */

/* Begin PBXNativeTarget section */
		3B152A8728E80C940002F10E /* 1st_Seminar */ = {
			isa = PBXNativeTarget;
			buildConfigurationList = 3B152A9C28E80C950002F10E /* Build configuration list for PBXNativeTarget "1st_Seminar" */;
			buildPhases = (
				C4EE7CA38EABF371E3663B02 /* [CP] Check Pods Manifest.lock */,
				3B152A8428E80C940002F10E /* Sources */,
				3B152A8528E80C940002F10E /* Frameworks */,
				3B152A8628E80C940002F10E /* Resources */,
				669C290CB643BC45E4CF5C40 /* [CP] Embed Pods Frameworks */,
			);
			buildRules = (
			);
			dependencies = (
			);
			name = 1st_Seminar;
			productName = 1st_Seminar;
			productReference = 3B152A8828E80C940002F10E /* 1st_Seminar.app */;
			productType = "com.apple.product-type.application";
		};
/* End PBXNativeTarget section */

/* Begin PBXProject section */
		3B152A8028E80C940002F10E /* Project object */ = {
			isa = PBXProject;
			attributes = {
				BuildIndependentTargetsInParallel = 1;
				LastSwiftUpdateCheck = 1400;
				LastUpgradeCheck = 1400;
				TargetAttributes = {
					3B152A8728E80C940002F10E = {
						CreatedOnToolsVersion = 14.0.1;
					};
				};
			};
			buildConfigurationList = 3B152A8328E80C940002F10E /* Build configuration list for PBXProject "1st_Seminar" */;
			compatibilityVersion = "Xcode 14.0";
			developmentRegion = en;
			hasScannedForEncodings = 0;
			knownRegions = (
				en,
				Base,
			);
			mainGroup = 3B152A7F28E80C940002F10E;
			productRefGroup = 3B152A8928E80C940002F10E /* Products */;
			projectDirPath = "";
			projectRoot = "";
			targets = (
				3B152A8728E80C940002F10E /* 1st_Seminar */,
			);
		};
/* End PBXProject section */

/* Begin PBXResourcesBuildPhase section */
		3B152A8628E80C940002F10E /* Resources */ = {
			isa = PBXResourcesBuildPhase;
			buildActionMask = 2147483647;
			files = (
				3B152A9828E80C950002F10E /* LaunchScreen.storyboard in Resources */,
				3B152A9528E80C950002F10E /* Assets.xcassets in Resources */,
				3B152A9328E80C940002F10E /* Main.storyboard in Resources */,
			);
			runOnlyForDeploymentPostprocessing = 0;
		};
/* End PBXResourcesBuildPhase section */

/* Begin PBXShellScriptBuildPhase section */
		669C290CB643BC45E4CF5C40 /* [CP] Embed Pods Frameworks */ = {
			isa = PBXShellScriptBuildPhase;
			buildActionMask = 2147483647;
			files = (
			);
			inputFileListPaths = (
				"${PODS_ROOT}/Target Support Files/Pods-1st_Seminar/Pods-1st_Seminar-frameworks-${CONFIGURATION}-input-files.xcfilelist",
			);
			name = "[CP] Embed Pods Frameworks";
			outputFileListPaths = (
				"${PODS_ROOT}/Target Support Files/Pods-1st_Seminar/Pods-1st_Seminar-frameworks-${CONFIGURATION}-output-files.xcfilelist",
			);
			runOnlyForDeploymentPostprocessing = 0;
			shellPath = /bin/sh;
			shellScript = "\"${PODS_ROOT}/Target Support Files/Pods-1st_Seminar/Pods-1st_Seminar-frameworks.sh\"\n";
			showEnvVarsInLog = 0;
		};
		C4EE7CA38EABF371E3663B02 /* [CP] Check Pods Manifest.lock */ = {
			isa = PBXShellScriptBuildPhase;
			buildActionMask = 2147483647;
			files = (
			);
			inputFileListPaths = (
			);
			inputPaths = (
				"${PODS_PODFILE_DIR_PATH}/Podfile.lock",
				"${PODS_ROOT}/Manifest.lock",
			);
			name = "[CP] Check Pods Manifest.lock";
			outputFileListPaths = (
			);
			outputPaths = (
				"$(DERIVED_FILE_DIR)/Pods-1st_Seminar-checkManifestLockResult.txt",
			);
			runOnlyForDeploymentPostprocessing = 0;
			shellPath = /bin/sh;
			shellScript = "diff \"${PODS_PODFILE_DIR_PATH}/Podfile.lock\" \"${PODS_ROOT}/Manifest.lock\" > /dev/null\nif [ $? != 0 ] ; then\n    # print error to STDERR\n    echo \"error: The sandbox is not in sync with the Podfile.lock. Run 'pod install' or update your CocoaPods installation.\" >&2\n    exit 1\nfi\n# This output is used by Xcode 'outputs' to avoid re-running this script phase.\necho \"SUCCESS\" > \"${SCRIPT_OUTPUT_FILE_0}\"\n";
			showEnvVarsInLog = 0;
		};
/* End PBXShellScriptBuildPhase section */

/* Begin PBXSourcesBuildPhase section */
		3B152A8428E80C940002F10E /* Sources */ = {
			isa = PBXSourcesBuildPhase;
			buildActionMask = 2147483647;
			files = (
				3B152A9028E80C940002F10E /* ViewController.swift in Sources */,
				3B94D6C428E8164700F14094 /* FirstVC.swift in Sources */,
				3B152A8C28E80C940002F10E /* AppDelegate.swift in Sources */,
				3B152A8E28E80C940002F10E /* SceneDelegate.swift in Sources */,
				3B94D6C928E819F200F14094 /* SecondVC.swift in Sources */,
				3B94D6C728E8170D00F14094 /* UIView+.swift in Sources */,
			);
			runOnlyForDeploymentPostprocessing = 0;
		};
/* End PBXSourcesBuildPhase section */

/* Begin PBXVariantGroup section */
		3B152A9128E80C940002F10E /* Main.storyboard */ = {
			isa = PBXVariantGroup;
			children = (
				3B152A9228E80C940002F10E /* Base */,
			);
			name = Main.storyboard;
			sourceTree = "<group>";
		};
		3B152A9628E80C950002F10E /* LaunchScreen.storyboard */ = {
			isa = PBXVariantGroup;
			children = (
				3B152A9728E80C950002F10E /* Base */,
			);
			name = LaunchScreen.storyboard;
			sourceTree = "<group>";
		};
/* End PBXVariantGroup section */

/* Begin XCBuildConfiguration section */
		3B152A9A28E80C950002F10E /* Debug */ = {
			isa = XCBuildConfiguration;
			buildSettings = {
				ALWAYS_SEARCH_USER_PATHS = NO;
				CLANG_ANALYZER_NONNULL = YES;
				CLANG_ANALYZER_NUMBER_OBJECT_CONVERSION = YES_AGGRESSIVE;
				CLANG_CXX_LANGUAGE_STANDARD = "gnu++20";
				CLANG_ENABLE_MODULES = YES;
				CLANG_ENABLE_OBJC_ARC = YES;
				CLANG_ENABLE_OBJC_WEAK = YES;
				CLANG_WARN_BLOCK_CAPTURE_AUTORELEASING = YES;
				CLANG_WARN_BOOL_CONVERSION = YES;
				CLANG_WARN_COMMA = YES;
				CLANG_WARN_CONSTANT_CONVERSION = YES;
				CLANG_WARN_DEPRECATED_OBJC_IMPLEMENTATIONS = YES;
				CLANG_WARN_DIRECT_OBJC_ISA_USAGE = YES_ERROR;
				CLANG_WARN_DOCUMENTATION_COMMENTS = YES;
				CLANG_WARN_EMPTY_BODY = YES;
				CLANG_WARN_ENUM_CONVERSION = YES;
				CLANG_WARN_INFINITE_RECURSION = YES;
				CLANG_WARN_INT_CONVERSION = YES;
				CLANG_WARN_NON_LITERAL_NULL_CONVERSION = YES;
				CLANG_WARN_OBJC_IMPLICIT_RETAIN_SELF = YES;
				CLANG_WARN_OBJC_LITERAL_CONVERSION = YES;
				CLANG_WARN_OBJC_ROOT_CLASS = YES_ERROR;
				CLANG_WARN_QUOTED_INCLUDE_IN_FRAMEWORK_HEADER = YES;
				CLANG_WARN_RANGE_LOOP_ANALYSIS = YES;
				CLANG_WARN_STRICT_PROTOTYPES = YES;
				CLANG_WARN_SUSPICIOUS_MOVE = YES;
				CLANG_WARN_UNGUARDED_AVAILABILITY = YES_AGGRESSIVE;
				CLANG_WARN_UNREACHABLE_CODE = YES;
				CLANG_WARN__DUPLICATE_METHOD_MATCH = YES;
				COPY_PHASE_STRIP = NO;
				DEBUG_INFORMATION_FORMAT = dwarf;
				ENABLE_STRICT_OBJC_MSGSEND = YES;
				ENABLE_TESTABILITY = YES;
				GCC_C_LANGUAGE_STANDARD = gnu11;
				GCC_DYNAMIC_NO_PIC = NO;
				GCC_NO_COMMON_BLOCKS = YES;
				GCC_OPTIMIZATION_LEVEL = 0;
				GCC_PREPROCESSOR_DEFINITIONS = (
					"DEBUG=1",
					"$(inherited)",
				);
				GCC_WARN_64_TO_32_BIT_CONVERSION = YES;
				GCC_WARN_ABOUT_RETURN_TYPE = YES_ERROR;
				GCC_WARN_UNDECLARED_SELECTOR = YES;
				GCC_WARN_UNINITIALIZED_AUTOS = YES_AGGRESSIVE;
				GCC_WARN_UNUSED_FUNCTION = YES;
				GCC_WARN_UNUSED_VARIABLE = YES;
				IPHONEOS_DEPLOYMENT_TARGET = 16.0;
				MTL_ENABLE_DEBUG_INFO = INCLUDE_SOURCE;
				MTL_FAST_MATH = YES;
				ONLY_ACTIVE_ARCH = YES;
				SDKROOT = iphoneos;
				SWIFT_ACTIVE_COMPILATION_CONDITIONS = DEBUG;
				SWIFT_OPTIMIZATION_LEVEL = "-Onone";
			};
			name = Debug;
		};
		3B152A9B28E80C950002F10E /* Release */ = {
			isa = XCBuildConfiguration;
			buildSettings = {
				ALWAYS_SEARCH_USER_PATHS = NO;
				CLANG_ANALYZER_NONNULL = YES;
				CLANG_ANALYZER_NUMBER_OBJECT_CONVERSION = YES_AGGRESSIVE;
				CLANG_CXX_LANGUAGE_STANDARD = "gnu++20";
				CLANG_ENABLE_MODULES = YES;
				CLANG_ENABLE_OBJC_ARC = YES;
				CLANG_ENABLE_OBJC_WEAK = YES;
				CLANG_WARN_BLOCK_CAPTURE_AUTORELEASING = YES;
				CLANG_WARN_BOOL_CONVERSION = YES;
				CLANG_WARN_COMMA = YES;
				CLANG_WARN_CONSTANT_CONVERSION = YES;
				CLANG_WARN_DEPRECATED_OBJC_IMPLEMENTATIONS = YES;
				CLANG_WARN_DIRECT_OBJC_ISA_USAGE = YES_ERROR;
				CLANG_WARN_DOCUMENTATION_COMMENTS = YES;
				CLANG_WARN_EMPTY_BODY = YES;
				CLANG_WARN_ENUM_CONVERSION = YES;
				CLANG_WARN_INFINITE_RECURSION = YES;
				CLANG_WARN_INT_CONVERSION = YES;
				CLANG_WARN_NON_LITERAL_NULL_CONVERSION = YES;
				CLANG_WARN_OBJC_IMPLICIT_RETAIN_SELF = YES;
				CLANG_WARN_OBJC_LITERAL_CONVERSION = YES;
				CLANG_WARN_OBJC_ROOT_CLASS = YES_ERROR;
				CLANG_WARN_QUOTED_INCLUDE_IN_FRAMEWORK_HEADER = YES;
				CLANG_WARN_RANGE_LOOP_ANALYSIS = YES;
				CLANG_WARN_STRICT_PROTOTYPES = YES;
				CLANG_WARN_SUSPICIOUS_MOVE = YES;
				CLANG_WARN_UNGUARDED_AVAILABILITY = YES_AGGRESSIVE;
				CLANG_WARN_UNREACHABLE_CODE = YES;
				CLANG_WARN__DUPLICATE_METHOD_MATCH = YES;
				COPY_PHASE_STRIP = NO;
				DEBUG_INFORMATION_FORMAT = "dwarf-with-dsym";
				ENABLE_NS_ASSERTIONS = NO;
				ENABLE_STRICT_OBJC_MSGSEND = YES;
				GCC_C_LANGUAGE_STANDARD = gnu11;
				GCC_NO_COMMON_BLOCKS = YES;
				GCC_WARN_64_TO_32_BIT_CONVERSION = YES;
				GCC_WARN_ABOUT_RETURN_TYPE = YES_ERROR;
				GCC_WARN_UNDECLARED_SELECTOR = YES;
				GCC_WARN_UNINITIALIZED_AUTOS = YES_AGGRESSIVE;
				GCC_WARN_UNUSED_FUNCTION = YES;
				GCC_WARN_UNUSED_VARIABLE = YES;
				IPHONEOS_DEPLOYMENT_TARGET = 16.0;
				MTL_ENABLE_DEBUG_INFO = NO;
				MTL_FAST_MATH = YES;
				SDKROOT = iphoneos;
				SWIFT_COMPILATION_MODE = wholemodule;
				SWIFT_OPTIMIZATION_LEVEL = "-O";
				VALIDATE_PRODUCT = YES;
			};
			name = Release;
		};
		3B152A9D28E80C950002F10E /* Debug */ = {
			isa = XCBuildConfiguration;
			baseConfigurationReference = F41916DF5293921271028774 /* Pods-1st_Seminar.debug.xcconfig */;
			buildSettings = {
				ASSETCATALOG_COMPILER_APPICON_NAME = AppIcon;
				ASSETCATALOG_COMPILER_GLOBAL_ACCENT_COLOR_NAME = AccentColor;
				CODE_SIGN_STYLE = Automatic;
				CURRENT_PROJECT_VERSION = 1;
				DEVELOPMENT_TEAM = 665TA4D5B9;
				GENERATE_INFOPLIST_FILE = YES;
				INFOPLIST_FILE = 1st_Seminar/Info.plist;
				INFOPLIST_KEY_UIApplicationSupportsIndirectInputEvents = YES;
				INFOPLIST_KEY_UILaunchStoryboardName = LaunchScreen;
				INFOPLIST_KEY_UIMainStoryboardFile = Main;
				INFOPLIST_KEY_UISupportedInterfaceOrientations_iPad = "UIInterfaceOrientationPortrait UIInterfaceOrientationPortraitUpsideDown UIInterfaceOrientationLandscapeLeft UIInterfaceOrientationLandscapeRight";
				INFOPLIST_KEY_UISupportedInterfaceOrientations_iPhone = "UIInterfaceOrientationPortrait UIInterfaceOrientationLandscapeLeft UIInterfaceOrientationLandscapeRight";
				LD_RUNPATH_SEARCH_PATHS = (
					"$(inherited)",
					"@executable_path/Frameworks",
				);
				MARKETING_VERSION = 1.0;
				PRODUCT_BUNDLE_IDENTIFIER = "sopt.org.-st-Seminar";
				PRODUCT_NAME = "$(TARGET_NAME)";
				SWIFT_EMIT_LOC_STRINGS = YES;
				SWIFT_VERSION = 5.0;
				TARGETED_DEVICE_FAMILY = "1,2";
			};
			name = Debug;
		};
		3B152A9E28E80C950002F10E /* Release */ = {
			isa = XCBuildConfiguration;
			baseConfigurationReference = 9714F08FFBF2D42DFE49EF5F /* Pods-1st_Seminar.release.xcconfig */;
			buildSettings = {
				ASSETCATALOG_COMPILER_APPICON_NAME = AppIcon;
				ASSETCATALOG_COMPILER_GLOBAL_ACCENT_COLOR_NAME = AccentColor;
				CODE_SIGN_STYLE = Automatic;
				CURRENT_PROJECT_VERSION = 1;
				DEVELOPMENT_TEAM = 665TA4D5B9;
				GENERATE_INFOPLIST_FILE = YES;
				INFOPLIST_FILE = 1st_Seminar/Info.plist;
				INFOPLIST_KEY_UIApplicationSupportsIndirectInputEvents = YES;
				INFOPLIST_KEY_UILaunchStoryboardName = LaunchScreen;
				INFOPLIST_KEY_UIMainStoryboardFile = Main;
				INFOPLIST_KEY_UISupportedInterfaceOrientations_iPad = "UIInterfaceOrientationPortrait UIInterfaceOrientationPortraitUpsideDown UIInterfaceOrientationLandscapeLeft UIInterfaceOrientationLandscapeRight";
				INFOPLIST_KEY_UISupportedInterfaceOrientations_iPhone = "UIInterfaceOrientationPortrait UIInterfaceOrientationLandscapeLeft UIInterfaceOrientationLandscapeRight";
				LD_RUNPATH_SEARCH_PATHS = (
					"$(inherited)",
					"@executable_path/Frameworks",
				);
				MARKETING_VERSION = 1.0;
				PRODUCT_BUNDLE_IDENTIFIER = "sopt.org.-st-Seminar";
				PRODUCT_NAME = "$(TARGET_NAME)";
				SWIFT_EMIT_LOC_STRINGS = YES;
				SWIFT_VERSION = 5.0;
				TARGETED_DEVICE_FAMILY = "1,2";
			};
			name = Release;
		};
/* End XCBuildConfiguration section */

/* Begin XCConfigurationList section */
		3B152A8328E80C940002F10E /* Build configuration list for PBXProject "1st_Seminar" */ = {
			isa = XCConfigurationList;
			buildConfigurations = (
				3B152A9A28E80C950002F10E /* Debug */,
				3B152A9B28E80C950002F10E /* Release */,
			);
			defaultConfigurationIsVisible = 0;
			defaultConfigurationName = Release;
		};
		3B152A9C28E80C950002F10E /* Build configuration list for PBXNativeTarget "1st_Seminar" */ = {
			isa = XCConfigurationList;
			buildConfigurations = (
				3B152A9D28E80C950002F10E /* Debug */,
				3B152A9E28E80C950002F10E /* Release */,
			);
			defaultConfigurationIsVisible = 0;
			defaultConfigurationName = Release;
		};
/* End XCConfigurationList section */
	};
	rootObject = 3B152A8028E80C940002F10E /* Project object */;
}
